
Microsoft Visual Studio Solution File, Format Version 12.00
# Visual Studio 15
VisualStudioVersion = 15.0.28307.168
MinimumVisualStudioVersion = 10.0.40219.1
Project("{9A19103F-16F7-4668-BE54-9A1E7A4F7556}") = "ReportPortal.SpecFlowPlugin", "ReportPortal.SpecFlowPlugin\ReportPortal.SpecFlowPlugin.csproj", "{D57CE2F8-4BEC-4894-887F-4855530A3D4E}"
EndProject
Project("{FAE04EC0-301F-11D3-BF4B-00C04F79EFBC}") = "ReportPortal.SpecFlowPlugin.Tests", "ReportPortal.SpecFlowPlugin.Tests\ReportPortal.SpecFlowPlugin.Tests.csproj", "{3BE3BE35-12C5-4C3E-BD86-58C9E31BE55A}"
EndProject
Global
	GlobalSection(SolutionConfigurationPlatforms) = preSolution
		Debug|Any CPU = Debug|Any CPU
		Release|Any CPU = Release|Any CPU
	EndGlobalSection
	GlobalSection(ProjectConfigurationPlatforms) = postSolution
		{D57CE2F8-4BEC-4894-887F-4855530A3D4E}.Debug|Any CPU.ActiveCfg = Debug|Any CPU
		{D57CE2F8-4BEC-4894-887F-4855530A3D4E}.Debug|Any CPU.Build.0 = Debug|Any CPU
		{D57CE2F8-4BEC-4894-887F-4855530A3D4E}.Release|Any CPU.ActiveCfg = Release|Any CPU
		{D57CE2F8-4BEC-4894-887F-4855530A3D4E}.Release|Any CPU.Build.0 = Release|Any CPU
		{3BE3BE35-12C5-4C3E-BD86-58C9E31BE55A}.Debug|Any CPU.ActiveCfg = Debug|Any CPU
		{3BE3BE35-12C5-4C3E-BD86-58C9E31BE55A}.Debug|Any CPU.Build.0 = Debug|Any CPU
		{3BE3BE35-12C5-4C3E-BD86-58C9E31BE55A}.Release|Any CPU.ActiveCfg = Release|Any CPU
		{3BE3BE35-12C5-4C3E-BD86-58C9E31BE55A}.Release|Any CPU.Build.0 = Release|Any CPU
	EndGlobalSection
	GlobalSection(SolutionProperties) = preSolution
		HideSolutionNode = FALSE
	EndGlobalSection
	GlobalSection(ExtensibilityGlobals) = postSolution
		SolutionGuid = {5D4C9D76-F66B-4431-81ED-AF0C9C050C76}
	EndGlobalSection
EndGlobal
