
Microsoft Visual Studio Solution File, Format Version 12.00
# Visual Studio 15
VisualStudioVersion = 15.0.28307.271
MinimumVisualStudioVersion = 10.0.40219.1
Project("{9A19103F-16F7-4668-BE54-9A1E7A4F7556}") = "ReportPortal.SpecFlowPlugin", "ReportPortal.SpecFlowPlugin\ReportPortal.SpecFlowPlugin.csproj", "{D57CE2F8-4BEC-4894-887F-4855530A3D4E}"
EndProject
Project("{FAE04EC0-301F-11D3-BF4B-00C04F79EFBC}") = "ReportPortal.SpecFlowPlugin.IntegrationTests", "ReportPortal.SpecFLowPlugin.Tests\ReportPortal.SpecFlowPlugin.IntegrationTests.csproj", "{C92DF386-3741-438B-BC96-426EBAB1D3DB}"
EndProject
Global
	GlobalSection(SolutionConfigurationPlatforms) = preSolution
		Debug|Any CPU = Debug|Any CPU
		Release|Any CPU = Release|Any CPU
	EndGlobalSection
	GlobalSection(ProjectConfigurationPlatforms) = postSolution
		{D57CE2F8-4BEC-4894-887F-4855530A3D4E}.Debug|Any CPU.ActiveCfg = Debug|Any CPU
		{D57CE2F8-4BEC-4894-887F-4855530A3D4E}.Debug|Any CPU.Build.0 = Debug|Any CPU
		{D57CE2F8-4BEC-4894-887F-4855530A3D4E}.Release|Any CPU.ActiveCfg = Release|Any CPU
		{D57CE2F8-4BEC-4894-887F-4855530A3D4E}.Release|Any CPU.Build.0 = Release|Any CPU
		{C92DF386-3741-438B-BC96-426EBAB1D3DB}.Debug|Any CPU.ActiveCfg = Debug|Any CPU
		{C92DF386-3741-438B-BC96-426EBAB1D3DB}.Debug|Any CPU.Build.0 = Debug|Any CPU
		{C92DF386-3741-438B-BC96-426EBAB1D3DB}.Release|Any CPU.ActiveCfg = Release|Any CPU
		{C92DF386-3741-438B-BC96-426EBAB1D3DB}.Release|Any CPU.Build.0 = Release|Any CPU
	EndGlobalSection
	GlobalSection(SolutionProperties) = preSolution
		HideSolutionNode = FALSE
	EndGlobalSection
	GlobalSection(ExtensibilityGlobals) = postSolution
		SolutionGuid = {D1776738-4063-400B-AAEB-2DAAE96BEDA2}
	EndGlobalSection
EndGlobal
